
Microsoft Visual Studio Solution File, Format Version 12.00
# Visual Studio Version 17
VisualStudioVersion = 17.5.33502.453
MinimumVisualStudioVersion = 10.0.40219.1
Project("{FAE04EC0-301F-11D3-BF4B-00C04F79EFBC}") = "QandA", "QandA\QandA.csproj", "{677E12E9-77A8-4E02-A809-05EA1F39ECDF}"
EndProject
Global
	GlobalSection(SolutionConfigurationPlatforms) = preSolution
		Debug|Any CPU = Debug|Any CPU
		Release|Any CPU = Release|Any CPU
	EndGlobalSection
	GlobalSection(ProjectConfigurationPlatforms) = postSolution
		{677E12E9-77A8-4E02-A809-05EA1F39ECDF}.Debug|Any CPU.ActiveCfg = Debug|Any CPU
		{677E12E9-77A8-4E02-A809-05EA1F39ECDF}.Debug|Any CPU.Build.0 = Debug|Any CPU
		{677E12E9-77A8-4E02-A809-05EA1F39ECDF}.Release|Any CPU.ActiveCfg = Release|Any CPU
		{677E12E9-77A8-4E02-A809-05EA1F39ECDF}.Release|Any CPU.Build.0 = Release|Any CPU
	EndGlobalSection
	GlobalSection(SolutionProperties) = preSolution
		HideSolutionNode = FALSE
	EndGlobalSection
	GlobalSection(ExtensibilityGlobals) = postSolution
		SolutionGuid = {74002C5F-F9A8-465F-A331-EB712130D666}
	EndGlobalSection
EndGlobal
